// !$*UTF8*$!
{
	archiveVersion = 1;
	classes = {
	};
	objectVersion = 56;
	objects = {

/* Begin PBXBuildFile section */
		0910CFCD2C62F66800BFBC94 /* CustomCurvesShapes.swift in Sources */ = {isa = PBXBuildFile; fileRef = 0910CFCC2C62F66800BFBC94 /* CustomCurvesShapes.swift */; };
		0910CFCF2C63072F00BFBC94 /* Pikachu.swift in Sources */ = {isa = PBXBuildFile; fileRef = 0910CFCE2C63072F00BFBC94 /* Pikachu.swift */; };
		09279F1B2C61B93D00820A27 /* CustomShapes.swift in Sources */ = {isa = PBXBuildFile; fileRef = 09279F1A2C61B93D00820A27 /* CustomShapes.swift */; };
		092DBF442C5EBB3700A712F4 /* CustomButtonStyle.swift in Sources */ = {isa = PBXBuildFile; fileRef = 092DBF432C5EBB3700A712F4 /* CustomButtonStyle.swift */; };
		092DBF462C5EC38B00A712F4 /* CustomTransition.swift in Sources */ = {isa = PBXBuildFile; fileRef = 092DBF452C5EC38A00A712F4 /* CustomTransition.swift */; };
		092DBF482C5ECE2500A712F4 /* MatchedGeometryEffect.swift in Sources */ = {isa = PBXBuildFile; fileRef = 092DBF472C5ECE2500A712F4 /* MatchedGeometryEffect.swift */; };
		0945A3902C363416006D8B1C /* HStackVStack.swift in Sources */ = {isa = PBXBuildFile; fileRef = 0945A38F2C363416006D8B1C /* HStackVStack.swift */; };
		09569D722C38CA0500C63FDF /* ZStackView.swift in Sources */ = {isa = PBXBuildFile; fileRef = 09569D712C38CA0500C63FDF /* ZStackView.swift */; };
		098033802C5EB0B600FC6884 /* CustomViewModifiers.swift in Sources */ = {isa = PBXBuildFile; fileRef = 0980337F2C5EB0B600FC6884 /* CustomViewModifiers.swift */; };
		09B434CE2C39D12600006FA9 /* Tabviews.swift in Sources */ = {isa = PBXBuildFile; fileRef = 09B434CD2C39D12600006FA9 /* Tabviews.swift */; };
		09B434D02C39D34500006FA9 /* Navigation.swift in Sources */ = {isa = PBXBuildFile; fileRef = 09B434CF2C39D34500006FA9 /* Navigation.swift */; };
		09B434D22C39D8E200006FA9 /* PlayerView.swift in Sources */ = {isa = PBXBuildFile; fileRef = 09B434D12C39D8E200006FA9 /* PlayerView.swift */; };
		09BEAD5F2C34CA230091C15D /* images.swift in Sources */ = {isa = PBXBuildFile; fileRef = 09BEAD5E2C34CA230091C15D /* images.swift */; };
		09BEAD612C34D3720091C15D /* TextField.swift in Sources */ = {isa = PBXBuildFile; fileRef = 09BEAD602C34D3720091C15D /* TextField.swift */; };
		09BEAD632C34D6E90091C15D /* Dividers.swift in Sources */ = {isa = PBXBuildFile; fileRef = 09BEAD622C34D6E90091C15D /* Dividers.swift */; };
		09D959E32C28C5E800B5AF22 /* learning_swiftuiApp.swift in Sources */ = {isa = PBXBuildFile; fileRef = 09D959E22C28C5E800B5AF22 /* learning_swiftuiApp.swift */; };
		09D959E52C28C5E800B5AF22 /* ContentView.swift in Sources */ = {isa = PBXBuildFile; fileRef = 09D959E42C28C5E800B5AF22 /* ContentView.swift */; };
		09D959E72C28C5EA00B5AF22 /* Assets.xcassets in Resources */ = {isa = PBXBuildFile; fileRef = 09D959E62C28C5EA00B5AF22 /* Assets.xcassets */; };
		09D959EA2C28C5EA00B5AF22 /* Preview Assets.xcassets in Resources */ = {isa = PBXBuildFile; fileRef = 09D959E92C28C5EA00B5AF22 /* Preview Assets.xcassets */; };
		09D959F12C28CB2700B5AF22 /* TextModified.swift in Sources */ = {isa = PBXBuildFile; fileRef = 09D959F02C28CB2700B5AF22 /* TextModified.swift */; };
		09D959F32C28D1B700B5AF22 /* ButtonsView.swift in Sources */ = {isa = PBXBuildFile; fileRef = 09D959F22C28D1B700B5AF22 /* ButtonsView.swift */; };
/* End PBXBuildFile section */

/* Begin PBXFileReference section */
		0910CFCC2C62F66800BFBC94 /* CustomCurvesShapes.swift */ = {isa = PBXFileReference; lastKnownFileType = sourcecode.swift; path = CustomCurvesShapes.swift; sourceTree = "<group>"; };
		0910CFCE2C63072F00BFBC94 /* Pikachu.swift */ = {isa = PBXFileReference; lastKnownFileType = sourcecode.swift; path = Pikachu.swift; sourceTree = "<group>"; };
		09279F1A2C61B93D00820A27 /* CustomShapes.swift */ = {isa = PBXFileReference; lastKnownFileType = sourcecode.swift; path = CustomShapes.swift; sourceTree = "<group>"; };
		092DBF432C5EBB3700A712F4 /* CustomButtonStyle.swift */ = {isa = PBXFileReference; lastKnownFileType = sourcecode.swift; path = CustomButtonStyle.swift; sourceTree = "<group>"; };
		092DBF452C5EC38A00A712F4 /* CustomTransition.swift */ = {isa = PBXFileReference; lastKnownFileType = sourcecode.swift; path = CustomTransition.swift; sourceTree = "<group>"; };
		092DBF472C5ECE2500A712F4 /* MatchedGeometryEffect.swift */ = {isa = PBXFileReference; lastKnownFileType = sourcecode.swift; path = MatchedGeometryEffect.swift; sourceTree = "<group>"; };
		0945A38F2C363416006D8B1C /* HStackVStack.swift */ = {isa = PBXFileReference; lastKnownFileType = sourcecode.swift; path = HStackVStack.swift; sourceTree = "<group>"; };
		09569D712C38CA0500C63FDF /* ZStackView.swift */ = {isa = PBXFileReference; lastKnownFileType = sourcecode.swift; path = ZStackView.swift; sourceTree = "<group>"; };
		0980337F2C5EB0B600FC6884 /* CustomViewModifiers.swift */ = {isa = PBXFileReference; lastKnownFileType = sourcecode.swift; path = CustomViewModifiers.swift; sourceTree = "<group>"; };
		09B434CD2C39D12600006FA9 /* Tabviews.swift */ = {isa = PBXFileReference; lastKnownFileType = sourcecode.swift; path = Tabviews.swift; sourceTree = "<group>"; };
		09B434CF2C39D34500006FA9 /* Navigation.swift */ = {isa = PBXFileReference; lastKnownFileType = sourcecode.swift; path = Navigation.swift; sourceTree = "<group>"; };
		09B434D12C39D8E200006FA9 /* PlayerView.swift */ = {isa = PBXFileReference; lastKnownFileType = sourcecode.swift; path = PlayerView.swift; sourceTree = "<group>"; };
		09BEAD5E2C34CA230091C15D /* images.swift */ = {isa = PBXFileReference; lastKnownFileType = sourcecode.swift; path = images.swift; sourceTree = "<group>"; };
		09BEAD602C34D3720091C15D /* TextField.swift */ = {isa = PBXFileReference; lastKnownFileType = sourcecode.swift; path = TextField.swift; sourceTree = "<group>"; };
		09BEAD622C34D6E90091C15D /* Dividers.swift */ = {isa = PBXFileReference; lastKnownFileType = sourcecode.swift; path = Dividers.swift; sourceTree = "<group>"; };
		09D959DF2C28C5E800B5AF22 /* learning_swiftui.app */ = {isa = PBXFileReference; explicitFileType = wrapper.application; includeInIndex = 0; path = learning_swiftui.app; sourceTree = BUILT_PRODUCTS_DIR; };
		09D959E22C28C5E800B5AF22 /* learning_swiftuiApp.swift */ = {isa = PBXFileReference; lastKnownFileType = sourcecode.swift; path = learning_swiftuiApp.swift; sourceTree = "<group>"; };
		09D959E42C28C5E800B5AF22 /* ContentView.swift */ = {isa = PBXFileReference; lastKnownFileType = sourcecode.swift; path = ContentView.swift; sourceTree = "<group>"; };
		09D959E62C28C5EA00B5AF22 /* Assets.xcassets */ = {isa = PBXFileReference; lastKnownFileType = folder.assetcatalog; path = Assets.xcassets; sourceTree = "<group>"; };
		09D959E92C28C5EA00B5AF22 /* Preview Assets.xcassets */ = {isa = PBXFileReference; lastKnownFileType = folder.assetcatalog; path = "Preview Assets.xcassets"; sourceTree = "<group>"; };
		09D959F02C28CB2700B5AF22 /* TextModified.swift */ = {isa = PBXFileReference; lastKnownFileType = sourcecode.swift; path = TextModified.swift; sourceTree = "<group>"; };
		09D959F22C28D1B700B5AF22 /* ButtonsView.swift */ = {isa = PBXFileReference; lastKnownFileType = sourcecode.swift; path = ButtonsView.swift; sourceTree = "<group>"; };
/* End PBXFileReference section */

/* Begin PBXFrameworksBuildPhase section */
		09D959DC2C28C5E800B5AF22 /* Frameworks */ = {
			isa = PBXFrameworksBuildPhase;
			buildActionMask = 2147483647;
			files = (
			);
			runOnlyForDeploymentPostprocessing = 0;
		};
/* End PBXFrameworksBuildPhase section */

/* Begin PBXGroup section */
		092DBF422C5EB39500A712F4 /* learning_advance */ = {
			isa = PBXGroup;
			children = (
				0980337F2C5EB0B600FC6884 /* CustomViewModifiers.swift */,
				092DBF432C5EBB3700A712F4 /* CustomButtonStyle.swift */,
				092DBF452C5EC38A00A712F4 /* CustomTransition.swift */,
				092DBF472C5ECE2500A712F4 /* MatchedGeometryEffect.swift */,
				09279F1A2C61B93D00820A27 /* CustomShapes.swift */,
				0910CFCC2C62F66800BFBC94 /* CustomCurvesShapes.swift */,
				0910CFCE2C63072F00BFBC94 /* Pikachu.swift */,
			);
			path = learning_advance;
			sourceTree = "<group>";
		};
		09D959D62C28C5E800B5AF22 = {
			isa = PBXGroup;
			children = (
				092DBF422C5EB39500A712F4 /* learning_advance */,
				09B434D12C39D8E200006FA9 /* PlayerView.swift */,
				09D959E12C28C5E800B5AF22 /* learning_swiftui */,
				09D959E02C28C5E800B5AF22 /* Products */,
			);
			sourceTree = "<group>";
		};
		09D959E02C28C5E800B5AF22 /* Products */ = {
			isa = PBXGroup;
			children = (
				09D959DF2C28C5E800B5AF22 /* learning_swiftui.app */,
			);
			name = Products;
			sourceTree = "<group>";
		};
		09D959E12C28C5E800B5AF22 /* learning_swiftui */ = {
			isa = PBXGroup;
			children = (
				09569D712C38CA0500C63FDF /* ZStackView.swift */,
				09D959F02C28CB2700B5AF22 /* TextModified.swift */,
				09D959E22C28C5E800B5AF22 /* learning_swiftuiApp.swift */,
				09D959E42C28C5E800B5AF22 /* ContentView.swift */,
				09D959E62C28C5EA00B5AF22 /* Assets.xcassets */,
				09D959E82C28C5EA00B5AF22 /* Preview Content */,
				09D959F22C28D1B700B5AF22 /* ButtonsView.swift */,
				09BEAD5E2C34CA230091C15D /* images.swift */,
				09BEAD602C34D3720091C15D /* TextField.swift */,
				09BEAD622C34D6E90091C15D /* Dividers.swift */,
				0945A38F2C363416006D8B1C /* HStackVStack.swift */,
				09B434CD2C39D12600006FA9 /* Tabviews.swift */,
				09B434CF2C39D34500006FA9 /* Navigation.swift */,
			);
			path = learning_swiftui;
			sourceTree = "<group>";
		};
		09D959E82C28C5EA00B5AF22 /* Preview Content */ = {
			isa = PBXGroup;
			children = (
				09D959E92C28C5EA00B5AF22 /* Preview Assets.xcassets */,
			);
			path = "Preview Content";
			sourceTree = "<group>";
		};
/* End PBXGroup section */

/* Begin PBXNativeTarget section */
		09D959DE2C28C5E800B5AF22 /* learning_swiftui */ = {
			isa = PBXNativeTarget;
			buildConfigurationList = 09D959ED2C28C5EA00B5AF22 /* Build configuration list for PBXNativeTarget "learning_swiftui" */;
			buildPhases = (
				09D959DB2C28C5E800B5AF22 /* Sources */,
				09D959DC2C28C5E800B5AF22 /* Frameworks */,
				09D959DD2C28C5E800B5AF22 /* Resources */,
			);
			buildRules = (
			);
			dependencies = (
			);
			name = learning_swiftui;
			productName = learning_swiftui;
			productReference = 09D959DF2C28C5E800B5AF22 /* learning_swiftui.app */;
			productType = "com.apple.product-type.application";
		};
/* End PBXNativeTarget section */

/* Begin PBXProject section */
		09D959D72C28C5E800B5AF22 /* Project object */ = {
			isa = PBXProject;
			attributes = {
				BuildIndependentTargetsInParallel = 1;
				LastSwiftUpdateCheck = 1540;
				LastUpgradeCheck = 1540;
				TargetAttributes = {
					09D959DE2C28C5E800B5AF22 = {
						CreatedOnToolsVersion = 15.4;
					};
				};
			};
			buildConfigurationList = 09D959DA2C28C5E800B5AF22 /* Build configuration list for PBXProject "learning_swiftui" */;
			compatibilityVersion = "Xcode 14.0";
			developmentRegion = en;
			hasScannedForEncodings = 0;
			knownRegions = (
				en,
				Base,
			);
			mainGroup = 09D959D62C28C5E800B5AF22;
			productRefGroup = 09D959E02C28C5E800B5AF22 /* Products */;
			projectDirPath = "";
			projectRoot = "";
			targets = (
				09D959DE2C28C5E800B5AF22 /* learning_swiftui */,
			);
		};
/* End PBXProject section */

/* Begin PBXResourcesBuildPhase section */
		09D959DD2C28C5E800B5AF22 /* Resources */ = {
			isa = PBXResourcesBuildPhase;
			buildActionMask = 2147483647;
			files = (
				09D959EA2C28C5EA00B5AF22 /* Preview Assets.xcassets in Resources */,
				09D959E72C28C5EA00B5AF22 /* Assets.xcassets in Resources */,
			);
			runOnlyForDeploymentPostprocessing = 0;
		};
/* End PBXResourcesBuildPhase section */

/* Begin PBXSourcesBuildPhase section */
		09D959DB2C28C5E800B5AF22 /* Sources */ = {
			isa = PBXSourcesBuildPhase;
			buildActionMask = 2147483647;
			files = (
				09D959F12C28CB2700B5AF22 /* TextModified.swift in Sources */,
				09BEAD632C34D6E90091C15D /* Dividers.swift in Sources */,
				09D959E52C28C5E800B5AF22 /* ContentView.swift in Sources */,
				09B434D22C39D8E200006FA9 /* PlayerView.swift in Sources */,
				098033802C5EB0B600FC6884 /* CustomViewModifiers.swift in Sources */,
				0910CFCF2C63072F00BFBC94 /* Pikachu.swift in Sources */,
				092DBF482C5ECE2500A712F4 /* MatchedGeometryEffect.swift in Sources */,
				09B434D02C39D34500006FA9 /* Navigation.swift in Sources */,
				09D959F32C28D1B700B5AF22 /* ButtonsView.swift in Sources */,
				092DBF462C5EC38B00A712F4 /* CustomTransition.swift in Sources */,
				09BEAD612C34D3720091C15D /* TextField.swift in Sources */,
				09279F1B2C61B93D00820A27 /* CustomShapes.swift in Sources */,
				09569D722C38CA0500C63FDF /* ZStackView.swift in Sources */,
				0910CFCD2C62F66800BFBC94 /* CustomCurvesShapes.swift in Sources */,
				09BEAD5F2C34CA230091C15D /* images.swift in Sources */,
				09D959E32C28C5E800B5AF22 /* learning_swiftuiApp.swift in Sources */,
				09B434CE2C39D12600006FA9 /* Tabviews.swift in Sources */,
				092DBF442C5EBB3700A712F4 /* CustomButtonStyle.swift in Sources */,
				0945A3902C363416006D8B1C /* HStackVStack.swift in Sources */,
			);
			runOnlyForDeploymentPostprocessing = 0;
		};
/* End PBXSourcesBuildPhase section */

/* Begin XCBuildConfiguration section */
		09D959EB2C28C5EA00B5AF22 /* Debug */ = {
			isa = XCBuildConfiguration;
			buildSettings = {
				ALWAYS_SEARCH_USER_PATHS = NO;
				ASSETCATALOG_COMPILER_GENERATE_SWIFT_ASSET_SYMBOL_EXTENSIONS = YES;
				CLANG_ANALYZER_NONNULL = YES;
				CLANG_ANALYZER_NUMBER_OBJECT_CONVERSION = YES_AGGRESSIVE;
				CLANG_CXX_LANGUAGE_STANDARD = "gnu++20";
				CLANG_ENABLE_MODULES = YES;
				CLANG_ENABLE_OBJC_ARC = YES;
				CLANG_ENABLE_OBJC_WEAK = YES;
				CLANG_WARN_BLOCK_CAPTURE_AUTORELEASING = YES;
				CLANG_WARN_BOOL_CONVERSION = YES;
				CLANG_WARN_COMMA = YES;
				CLANG_WARN_CONSTANT_CONVERSION = YES;
				CLANG_WARN_DEPRECATED_OBJC_IMPLEMENTATIONS = YES;
				CLANG_WARN_DIRECT_OBJC_ISA_USAGE = YES_ERROR;
				CLANG_WARN_DOCUMENTATION_COMMENTS = YES;
				CLANG_WARN_EMPTY_BODY = YES;
				CLANG_WARN_ENUM_CONVERSION = YES;
				CLANG_WARN_INFINITE_RECURSION = YES;
				CLANG_WARN_INT_CONVERSION = YES;
				CLANG_WARN_NON_LITERAL_NULL_CONVERSION = YES;
				CLANG_WARN_OBJC_IMPLICIT_RETAIN_SELF = YES;
				CLANG_WARN_OBJC_LITERAL_CONVERSION = YES;
				CLANG_WARN_OBJC_ROOT_CLASS = YES_ERROR;
				CLANG_WARN_QUOTED_INCLUDE_IN_FRAMEWORK_HEADER = YES;
				CLANG_WARN_RANGE_LOOP_ANALYSIS = YES;
				CLANG_WARN_STRICT_PROTOTYPES = YES;
				CLANG_WARN_SUSPICIOUS_MOVE = YES;
				CLANG_WARN_UNGUARDED_AVAILABILITY = YES_AGGRESSIVE;
				CLANG_WARN_UNREACHABLE_CODE = YES;
				CLANG_WARN__DUPLICATE_METHOD_MATCH = YES;
				COPY_PHASE_STRIP = NO;
				DEBUG_INFORMATION_FORMAT = dwarf;
				ENABLE_STRICT_OBJC_MSGSEND = YES;
				ENABLE_TESTABILITY = YES;
				ENABLE_USER_SCRIPT_SANDBOXING = YES;
				GCC_C_LANGUAGE_STANDARD = gnu17;
				GCC_DYNAMIC_NO_PIC = NO;
				GCC_NO_COMMON_BLOCKS = YES;
				GCC_OPTIMIZATION_LEVEL = 0;
				GCC_PREPROCESSOR_DEFINITIONS = (
					"DEBUG=1",
					"$(inherited)",
				);
				GCC_WARN_64_TO_32_BIT_CONVERSION = YES;
				GCC_WARN_ABOUT_RETURN_TYPE = YES_ERROR;
				GCC_WARN_UNDECLARED_SELECTOR = YES;
				GCC_WARN_UNINITIALIZED_AUTOS = YES_AGGRESSIVE;
				GCC_WARN_UNUSED_FUNCTION = YES;
				GCC_WARN_UNUSED_VARIABLE = YES;
				IPHONEOS_DEPLOYMENT_TARGET = 17.5;
				LOCALIZATION_PREFERS_STRING_CATALOGS = YES;
				MTL_ENABLE_DEBUG_INFO = INCLUDE_SOURCE;
				MTL_FAST_MATH = YES;
				ONLY_ACTIVE_ARCH = YES;
				SDKROOT = iphoneos;
				SWIFT_ACTIVE_COMPILATION_CONDITIONS = "DEBUG $(inherited)";
				SWIFT_OPTIMIZATION_LEVEL = "-Onone";
			};
			name = Debug;
		};
		09D959EC2C28C5EA00B5AF22 /* Release */ = {
			isa = XCBuildConfiguration;
			buildSettings = {
				ALWAYS_SEARCH_USER_PATHS = NO;
				ASSETCATALOG_COMPILER_GENERATE_SWIFT_ASSET_SYMBOL_EXTENSIONS = YES;
				CLANG_ANALYZER_NONNULL = YES;
				CLANG_ANALYZER_NUMBER_OBJECT_CONVERSION = YES_AGGRESSIVE;
				CLANG_CXX_LANGUAGE_STANDARD = "gnu++20";
				CLANG_ENABLE_MODULES = YES;
				CLANG_ENABLE_OBJC_ARC = YES;
				CLANG_ENABLE_OBJC_WEAK = YES;
				CLANG_WARN_BLOCK_CAPTURE_AUTORELEASING = YES;
				CLANG_WARN_BOOL_CONVERSION = YES;
				CLANG_WARN_COMMA = YES;
				CLANG_WARN_CONSTANT_CONVERSION = YES;
				CLANG_WARN_DEPRECATED_OBJC_IMPLEMENTATIONS = YES;
				CLANG_WARN_DIRECT_OBJC_ISA_USAGE = YES_ERROR;
				CLANG_WARN_DOCUMENTATION_COMMENTS = YES;
				CLANG_WARN_EMPTY_BODY = YES;
				CLANG_WARN_ENUM_CONVERSION = YES;
				CLANG_WARN_INFINITE_RECURSION = YES;
				CLANG_WARN_INT_CONVERSION = YES;
				CLANG_WARN_NON_LITERAL_NULL_CONVERSION = YES;
				CLANG_WARN_OBJC_IMPLICIT_RETAIN_SELF = YES;
				CLANG_WARN_OBJC_LITERAL_CONVERSION = YES;
				CLANG_WARN_OBJC_ROOT_CLASS = YES_ERROR;
				CLANG_WARN_QUOTED_INCLUDE_IN_FRAMEWORK_HEADER = YES;
				CLANG_WARN_RANGE_LOOP_ANALYSIS = YES;
				CLANG_WARN_STRICT_PROTOTYPES = YES;
				CLANG_WARN_SUSPICIOUS_MOVE = YES;
				CLANG_WARN_UNGUARDED_AVAILABILITY = YES_AGGRESSIVE;
				CLANG_WARN_UNREACHABLE_CODE = YES;
				CLANG_WARN__DUPLICATE_METHOD_MATCH = YES;
				COPY_PHASE_STRIP = NO;
				DEBUG_INFORMATION_FORMAT = "dwarf-with-dsym";
				ENABLE_NS_ASSERTIONS = NO;
				ENABLE_STRICT_OBJC_MSGSEND = YES;
				ENABLE_USER_SCRIPT_SANDBOXING = YES;
				GCC_C_LANGUAGE_STANDARD = gnu17;
				GCC_NO_COMMON_BLOCKS = YES;
				GCC_WARN_64_TO_32_BIT_CONVERSION = YES;
				GCC_WARN_ABOUT_RETURN_TYPE = YES_ERROR;
				GCC_WARN_UNDECLARED_SELECTOR = YES;
				GCC_WARN_UNINITIALIZED_AUTOS = YES_AGGRESSIVE;
				GCC_WARN_UNUSED_FUNCTION = YES;
				GCC_WARN_UNUSED_VARIABLE = YES;
				IPHONEOS_DEPLOYMENT_TARGET = 17.5;
				LOCALIZATION_PREFERS_STRING_CATALOGS = YES;
				MTL_ENABLE_DEBUG_INFO = NO;
				MTL_FAST_MATH = YES;
				SDKROOT = iphoneos;
				SWIFT_COMPILATION_MODE = wholemodule;
				VALIDATE_PRODUCT = YES;
			};
			name = Release;
		};
		09D959EE2C28C5EA00B5AF22 /* Debug */ = {
			isa = XCBuildConfiguration;
			buildSettings = {
				ASSETCATALOG_COMPILER_APPICON_NAME = AppIcon;
				ASSETCATALOG_COMPILER_GLOBAL_ACCENT_COLOR_NAME = AccentColor;
				CODE_SIGN_STYLE = Automatic;
				CURRENT_PROJECT_VERSION = 1;
				DEVELOPMENT_ASSET_PATHS = "\"learning_swiftui/Preview Content\"";
				DEVELOPMENT_TEAM = 5VPUA54HKK;
				ENABLE_PREVIEWS = YES;
				GENERATE_INFOPLIST_FILE = YES;
				INFOPLIST_KEY_UIApplicationSceneManifest_Generation = YES;
				INFOPLIST_KEY_UIApplicationSupportsIndirectInputEvents = YES;
				INFOPLIST_KEY_UILaunchScreen_Generation = YES;
				INFOPLIST_KEY_UISupportedInterfaceOrientations_iPad = "UIInterfaceOrientationPortrait UIInterfaceOrientationPortraitUpsideDown UIInterfaceOrientationLandscapeLeft UIInterfaceOrientationLandscapeRight";
				INFOPLIST_KEY_UISupportedInterfaceOrientations_iPhone = "UIInterfaceOrientationPortrait UIInterfaceOrientationLandscapeLeft UIInterfaceOrientationLandscapeRight";
				LD_RUNPATH_SEARCH_PATHS = (
					"$(inherited)",
					"@executable_path/Frameworks",
				);
				MARKETING_VERSION = 1.0;
				PRODUCT_BUNDLE_IDENTIFIER = "com.antdev.learning-swiftui";
				PRODUCT_NAME = "$(TARGET_NAME)";
				SWIFT_EMIT_LOC_STRINGS = YES;
				SWIFT_VERSION = 5.0;
				TARGETED_DEVICE_FAMILY = "1,2";
			};
			name = Debug;
		};
		09D959EF2C28C5EA00B5AF22 /* Release */ = {
			isa = XCBuildConfiguration;
			buildSettings = {
				ASSETCATALOG_COMPILER_APPICON_NAME = AppIcon;
				ASSETCATALOG_COMPILER_GLOBAL_ACCENT_COLOR_NAME = AccentColor;
				CODE_SIGN_STYLE = Automatic;
				CURRENT_PROJECT_VERSION = 1;
				DEVELOPMENT_ASSET_PATHS = "\"learning_swiftui/Preview Content\"";
				DEVELOPMENT_TEAM = 5VPUA54HKK;
				ENABLE_PREVIEWS = YES;
				GENERATE_INFOPLIST_FILE = YES;
				INFOPLIST_KEY_UIApplicationSceneManifest_Generation = YES;
				INFOPLIST_KEY_UIApplicationSupportsIndirectInputEvents = YES;
				INFOPLIST_KEY_UILaunchScreen_Generation = YES;
				INFOPLIST_KEY_UISupportedInterfaceOrientations_iPad = "UIInterfaceOrientationPortrait UIInterfaceOrientationPortraitUpsideDown UIInterfaceOrientationLandscapeLeft UIInterfaceOrientationLandscapeRight";
				INFOPLIST_KEY_UISupportedInterfaceOrientations_iPhone = "UIInterfaceOrientationPortrait UIInterfaceOrientationLandscapeLeft UIInterfaceOrientationLandscapeRight";
				LD_RUNPATH_SEARCH_PATHS = (
					"$(inherited)",
					"@executable_path/Frameworks",
				);
				MARKETING_VERSION = 1.0;
				PRODUCT_BUNDLE_IDENTIFIER = "com.antdev.learning-swiftui";
				PRODUCT_NAME = "$(TARGET_NAME)";
				SWIFT_EMIT_LOC_STRINGS = YES;
				SWIFT_VERSION = 5.0;
				TARGETED_DEVICE_FAMILY = "1,2";
			};
			name = Release;
		};
/* End XCBuildConfiguration section */

/* Begin XCConfigurationList section */
		09D959DA2C28C5E800B5AF22 /* Build configuration list for PBXProject "learning_swiftui" */ = {
			isa = XCConfigurationList;
			buildConfigurations = (
				09D959EB2C28C5EA00B5AF22 /* Debug */,
				09D959EC2C28C5EA00B5AF22 /* Release */,
			);
			defaultConfigurationIsVisible = 0;
			defaultConfigurationName = Release;
		};
		09D959ED2C28C5EA00B5AF22 /* Build configuration list for PBXNativeTarget "learning_swiftui" */ = {
			isa = XCConfigurationList;
			buildConfigurations = (
				09D959EE2C28C5EA00B5AF22 /* Debug */,
				09D959EF2C28C5EA00B5AF22 /* Release */,
			);
			defaultConfigurationIsVisible = 0;
			defaultConfigurationName = Release;
		};
/* End XCConfigurationList section */
	};
	rootObject = 09D959D72C28C5E800B5AF22 /* Project object */;
}
